
Microsoft Visual Studio Solution File, Format Version 12.00
# Visual Studio 2012
Project("{FAE04EC0-301F-11D3-BF4B-00C04F79EFBC}") = "FubuMVC.Export", "FubuMVC.Export\FubuMVC.Export.csproj", "{28812206-5A03-4A0C-A562-5A08F297180C}"
EndProject
Project("{FAE04EC0-301F-11D3-BF4B-00C04F79EFBC}") = "ExportHarness", "ExportHarness\ExportHarness.csproj", "{76B85F3F-8CA6-4765-ADB2-0B81F53C314F}"
EndProject
Project("{FAE04EC0-301F-11D3-BF4B-00C04F79EFBC}") = "FubuMVC.Export.Tests", "FubuMVC.Export.Tests\FubuMVC.Export.Tests.csproj", "{5458ABB4-5714-41BD-8B27-3DA79457471A}"
EndProject
Project("{FAE04EC0-301F-11D3-BF4B-00C04F79EFBC}") = "FubuMVC.SlickGrid.Export", "FubuMVC.SlickGrid.Export\FubuMVC.SlickGrid.Export.csproj", "{803BA759-977A-4028-842F-DC540D550572}"
EndProject
Project("{FAE04EC0-301F-11D3-BF4B-00C04F79EFBC}") = "FubuMVC.SlickGrid.Export.Tests", "FubuMVC.SlickGrid.Export.Tests\FubuMVC.SlickGrid.Export.Tests.csproj", "{B99ECAB0-21B6-43F6-9187-9CA6F0049208}"
EndProject
Global
	GlobalSection(SolutionConfigurationPlatforms) = preSolution
		Debug|Any CPU = Debug|Any CPU
		Release|Any CPU = Release|Any CPU
	EndGlobalSection
	GlobalSection(ProjectConfigurationPlatforms) = postSolution
		{28812206-5A03-4A0C-A562-5A08F297180C}.Debug|Any CPU.ActiveCfg = Debug|Any CPU
		{28812206-5A03-4A0C-A562-5A08F297180C}.Debug|Any CPU.Build.0 = Debug|Any CPU
		{28812206-5A03-4A0C-A562-5A08F297180C}.Release|Any CPU.ActiveCfg = Release|Any CPU
		{28812206-5A03-4A0C-A562-5A08F297180C}.Release|Any CPU.Build.0 = Release|Any CPU
		{76B85F3F-8CA6-4765-ADB2-0B81F53C314F}.Debug|Any CPU.ActiveCfg = Debug|Any CPU
		{76B85F3F-8CA6-4765-ADB2-0B81F53C314F}.Debug|Any CPU.Build.0 = Debug|Any CPU
		{76B85F3F-8CA6-4765-ADB2-0B81F53C314F}.Release|Any CPU.ActiveCfg = Release|Any CPU
		{76B85F3F-8CA6-4765-ADB2-0B81F53C314F}.Release|Any CPU.Build.0 = Release|Any CPU
		{5458ABB4-5714-41BD-8B27-3DA79457471A}.Debug|Any CPU.ActiveCfg = Debug|Any CPU
		{5458ABB4-5714-41BD-8B27-3DA79457471A}.Debug|Any CPU.Build.0 = Debug|Any CPU
		{5458ABB4-5714-41BD-8B27-3DA79457471A}.Release|Any CPU.ActiveCfg = Release|Any CPU
		{5458ABB4-5714-41BD-8B27-3DA79457471A}.Release|Any CPU.Build.0 = Release|Any CPU
		{803BA759-977A-4028-842F-DC540D550572}.Debug|Any CPU.ActiveCfg = Debug|Any CPU
		{803BA759-977A-4028-842F-DC540D550572}.Debug|Any CPU.Build.0 = Debug|Any CPU
		{803BA759-977A-4028-842F-DC540D550572}.Release|Any CPU.ActiveCfg = Release|Any CPU
		{803BA759-977A-4028-842F-DC540D550572}.Release|Any CPU.Build.0 = Release|Any CPU
		{B99ECAB0-21B6-43F6-9187-9CA6F0049208}.Debug|Any CPU.ActiveCfg = Debug|Any CPU
		{B99ECAB0-21B6-43F6-9187-9CA6F0049208}.Debug|Any CPU.Build.0 = Debug|Any CPU
		{B99ECAB0-21B6-43F6-9187-9CA6F0049208}.Release|Any CPU.ActiveCfg = Release|Any CPU
		{B99ECAB0-21B6-43F6-9187-9CA6F0049208}.Release|Any CPU.Build.0 = Release|Any CPU
	EndGlobalSection
	GlobalSection(SolutionProperties) = preSolution
		HideSolutionNode = FALSE
	EndGlobalSection
EndGlobal
